
Microsoft Visual Studio Solution File, Format Version 12.00
# Visual Studio Version 17
VisualStudioVersion = 17.5.002.0
MinimumVisualStudioVersion = 10.0.40219.1
Project("{9A19103F-16F7-4668-BE54-9A1E7A4F7556}") = "Domain", "Domain.csproj", "{095F3692-56A6-4895-A492-E2D63E7D0525}"
EndProject
Global
	GlobalSection(SolutionConfigurationPlatforms) = preSolution
		Debug|Any CPU = Debug|Any CPU
		Release|Any CPU = Release|Any CPU
	EndGlobalSection
	GlobalSection(ProjectConfigurationPlatforms) = postSolution
		{095F3692-56A6-4895-A492-E2D63E7D0525}.Debug|Any CPU.ActiveCfg = Debug|Any CPU
		{095F3692-56A6-4895-A492-E2D63E7D0525}.Debug|Any CPU.Build.0 = Debug|Any CPU
		{095F3692-56A6-4895-A492-E2D63E7D0525}.Release|Any CPU.ActiveCfg = Release|Any CPU
		{095F3692-56A6-4895-A492-E2D63E7D0525}.Release|Any CPU.Build.0 = Release|Any CPU
	EndGlobalSection
	GlobalSection(SolutionProperties) = preSolution
		HideSolutionNode = FALSE
	EndGlobalSection
	GlobalSection(ExtensibilityGlobals) = postSolution
		SolutionGuid = {AF26755E-988D-455D-AD05-713DD9944B59}
	EndGlobalSection
EndGlobal
